// !$*UTF8*$!
{
	archiveVersion = 1;
	classes = {
	};
	objectVersion = 56;
	objects = {

/* Begin PBXBuildFile section */
		2B4316612998F8D900199381 /* ImageCache.swift in Sources */ = {isa = PBXBuildFile; fileRef = 2B4316602998F8D900199381 /* ImageCache.swift */; };
		2B4316672999189400199381 /* SelectedPhotosCollectionViewCell.swift in Sources */ = {isa = PBXBuildFile; fileRef = 2B4316662999189400199381 /* SelectedPhotosCollectionViewCell.swift */; };
		2B43166929994EE000199381 /* AlbumCollectionViewCell.swift in Sources */ = {isa = PBXBuildFile; fileRef = 2B43166829994EE000199381 /* AlbumCollectionViewCell.swift */; };
		2B43166E2999570500199381 /* AlbumModel.swift in Sources */ = {isa = PBXBuildFile; fileRef = 2B43166D2999570500199381 /* AlbumModel.swift */; };
		2B5016AD2952068400547019 /* AppDelegate.swift in Sources */ = {isa = PBXBuildFile; fileRef = 2B5016AC2952068400547019 /* AppDelegate.swift */; };
		2B5016AF2952068400547019 /* SceneDelegate.swift in Sources */ = {isa = PBXBuildFile; fileRef = 2B5016AE2952068400547019 /* SceneDelegate.swift */; };
		2B5016B12952068400547019 /* PhotoViewController.swift in Sources */ = {isa = PBXBuildFile; fileRef = 2B5016B02952068400547019 /* PhotoViewController.swift */; };
		2B5016B62952068600547019 /* Assets.xcassets in Resources */ = {isa = PBXBuildFile; fileRef = 2B5016B52952068600547019 /* Assets.xcassets */; };
		2B5016B92952068600547019 /* LaunchScreen.storyboard in Resources */ = {isa = PBXBuildFile; fileRef = 2B5016B72952068600547019 /* LaunchScreen.storyboard */; };
		2B5A5B4A298A43FA0081CF56 /* PhotosCollectionViewCell.swift in Sources */ = {isa = PBXBuildFile; fileRef = 2B5A5B49298A43FA0081CF56 /* PhotosCollectionViewCell.swift */; };
		2B5A5B4E298A722C0081CF56 /* AlertModel.swift in Sources */ = {isa = PBXBuildFile; fileRef = 2B5A5B4D298A722C0081CF56 /* AlertModel.swift */; };
		2B5A5B50298F96C60081CF56 /* SelectedPhotoViewController.swift in Sources */ = {isa = PBXBuildFile; fileRef = 2B5A5B4F298F96C60081CF56 /* SelectedPhotoViewController.swift */; };
		2B5A5B53298FBE3E0081CF56 /* Extension+Date.swift in Sources */ = {isa = PBXBuildFile; fileRef = 2B5A5B52298FBE3E0081CF56 /* Extension+Date.swift */; };
		2B5A5B55298FC4E50081CF56 /* PhotoCreateDateView.swift in Sources */ = {isa = PBXBuildFile; fileRef = 2B5A5B54298FC4E50081CF56 /* PhotoCreateDateView.swift */; };
		2BB7F38929938CBE00D5ABC7 /* TabBarViewController.swift in Sources */ = {isa = PBXBuildFile; fileRef = 2BB7F38829938CBE00D5ABC7 /* TabBarViewController.swift */; };
		2BB7F38B29938D8000D5ABC7 /* AlbumViewController.swift in Sources */ = {isa = PBXBuildFile; fileRef = 2BB7F38A29938D8000D5ABC7 /* AlbumViewController.swift */; };
/* End PBXBuildFile section */

/* Begin PBXFileReference section */
		2B4316602998F8D900199381 /* ImageCache.swift */ = {isa = PBXFileReference; lastKnownFileType = sourcecode.swift; path = ImageCache.swift; sourceTree = "<group>"; };
		2B4316662999189400199381 /* SelectedPhotosCollectionViewCell.swift */ = {isa = PBXFileReference; lastKnownFileType = sourcecode.swift; path = SelectedPhotosCollectionViewCell.swift; sourceTree = "<group>"; };
		2B43166829994EE000199381 /* AlbumCollectionViewCell.swift */ = {isa = PBXFileReference; lastKnownFileType = sourcecode.swift; path = AlbumCollectionViewCell.swift; sourceTree = "<group>"; };
		2B43166D2999570500199381 /* AlbumModel.swift */ = {isa = PBXFileReference; lastKnownFileType = sourcecode.swift; path = AlbumModel.swift; sourceTree = "<group>"; };
		2B5016A92952068400547019 /* Photoable.app */ = {isa = PBXFileReference; explicitFileType = wrapper.application; includeInIndex = 0; path = Photoable.app; sourceTree = BUILT_PRODUCTS_DIR; };
		2B5016AC2952068400547019 /* AppDelegate.swift */ = {isa = PBXFileReference; lastKnownFileType = sourcecode.swift; path = AppDelegate.swift; sourceTree = "<group>"; };
		2B5016AE2952068400547019 /* SceneDelegate.swift */ = {isa = PBXFileReference; lastKnownFileType = sourcecode.swift; path = SceneDelegate.swift; sourceTree = "<group>"; };
		2B5016B02952068400547019 /* PhotoViewController.swift */ = {isa = PBXFileReference; lastKnownFileType = sourcecode.swift; path = PhotoViewController.swift; sourceTree = "<group>"; };
		2B5016B52952068600547019 /* Assets.xcassets */ = {isa = PBXFileReference; lastKnownFileType = folder.assetcatalog; path = Assets.xcassets; sourceTree = "<group>"; };
		2B5016B82952068600547019 /* Base */ = {isa = PBXFileReference; lastKnownFileType = file.storyboard; name = Base; path = Base.lproj/LaunchScreen.storyboard; sourceTree = "<group>"; };
		2B5016BA2952068600547019 /* Info.plist */ = {isa = PBXFileReference; lastKnownFileType = text.plist.xml; path = Info.plist; sourceTree = "<group>"; };
		2B5A5B49298A43FA0081CF56 /* PhotosCollectionViewCell.swift */ = {isa = PBXFileReference; lastKnownFileType = sourcecode.swift; path = PhotosCollectionViewCell.swift; sourceTree = "<group>"; };
		2B5A5B4D298A722C0081CF56 /* AlertModel.swift */ = {isa = PBXFileReference; lastKnownFileType = sourcecode.swift; path = AlertModel.swift; sourceTree = "<group>"; };
		2B5A5B4F298F96C60081CF56 /* SelectedPhotoViewController.swift */ = {isa = PBXFileReference; lastKnownFileType = sourcecode.swift; path = SelectedPhotoViewController.swift; sourceTree = "<group>"; };
		2B5A5B52298FBE3E0081CF56 /* Extension+Date.swift */ = {isa = PBXFileReference; lastKnownFileType = sourcecode.swift; path = "Extension+Date.swift"; sourceTree = "<group>"; };
		2B5A5B54298FC4E50081CF56 /* PhotoCreateDateView.swift */ = {isa = PBXFileReference; lastKnownFileType = sourcecode.swift; path = PhotoCreateDateView.swift; sourceTree = "<group>"; };
		2BB7F38829938CBE00D5ABC7 /* TabBarViewController.swift */ = {isa = PBXFileReference; lastKnownFileType = sourcecode.swift; path = TabBarViewController.swift; sourceTree = "<group>"; };
		2BB7F38A29938D8000D5ABC7 /* AlbumViewController.swift */ = {isa = PBXFileReference; lastKnownFileType = sourcecode.swift; path = AlbumViewController.swift; sourceTree = "<group>"; };
/* End PBXFileReference section */

/* Begin PBXFrameworksBuildPhase section */
		2B5016A62952068400547019 /* Frameworks */ = {
			isa = PBXFrameworksBuildPhase;
			buildActionMask = 2147483647;
			files = (
			);
			runOnlyForDeploymentPostprocessing = 0;
		};
/* End PBXFrameworksBuildPhase section */

/* Begin PBXGroup section */
		2B43165F2998F8BE00199381 /* Cache */ = {
			isa = PBXGroup;
			children = (
				2B4316602998F8D900199381 /* ImageCache.swift */,
			);
			path = Cache;
			sourceTree = "<group>";
		};
		2B5016A02952068400547019 = {
			isa = PBXGroup;
			children = (
				2B5016AB2952068400547019 /* Photoable */,
				2B5016AA2952068400547019 /* Products */,
			);
			sourceTree = "<group>";
		};
		2B5016AA2952068400547019 /* Products */ = {
			isa = PBXGroup;
			children = (
				2B5016A92952068400547019 /* Photoable.app */,
			);
			name = Products;
			sourceTree = "<group>";
		};
		2B5016AB2952068400547019 /* Photoable */ = {
			isa = PBXGroup;
			children = (
				2B43165F2998F8BE00199381 /* Cache */,
				2B5A5B51298FBDA70081CF56 /* Extensions */,
				2B5A5B47298A378D0081CF56 /* Model */,
				2B5A5B46298A37890081CF56 /* View */,
				2B5A5B42298A36380081CF56 /* Controller */,
				2B5016AC2952068400547019 /* AppDelegate.swift */,
				2B5016AE2952068400547019 /* SceneDelegate.swift */,
				2B5016B52952068600547019 /* Assets.xcassets */,
				2B5016BA2952068600547019 /* Info.plist */,
			);
			path = Photoable;
			sourceTree = "<group>";
		};
		2B5A5B42298A36380081CF56 /* Controller */ = {
			isa = PBXGroup;
			children = (
				2BB7F38729938C9800D5ABC7 /* TabBarController */,
				2B5A5B48298A43DD0081CF56 /* CollectionViewCell */,
				2B5016B02952068400547019 /* PhotoViewController.swift */,
				2B5A5B4F298F96C60081CF56 /* SelectedPhotoViewController.swift */,
				2BB7F38A29938D8000D5ABC7 /* AlbumViewController.swift */,
			);
			path = Controller;
			sourceTree = "<group>";
		};
		2B5A5B46298A37890081CF56 /* View */ = {
			isa = PBXGroup;
			children = (
				2B5016B72952068600547019 /* LaunchScreen.storyboard */,
				2B5A5B54298FC4E50081CF56 /* PhotoCreateDateView.swift */,
			);
			path = View;
			sourceTree = "<group>";
		};
		2B5A5B47298A378D0081CF56 /* Model */ = {
			isa = PBXGroup;
			children = (
				2B5A5B4D298A722C0081CF56 /* AlertModel.swift */,
				2B43166D2999570500199381 /* AlbumModel.swift */,
			);
			path = Model;
			sourceTree = "<group>";
		};
		2B5A5B48298A43DD0081CF56 /* CollectionViewCell */ = {
			isa = PBXGroup;
			children = (
				2B5A5B49298A43FA0081CF56 /* PhotosCollectionViewCell.swift */,
				2B4316662999189400199381 /* SelectedPhotosCollectionViewCell.swift */,
				2B43166829994EE000199381 /* AlbumCollectionViewCell.swift */,
			);
			path = CollectionViewCell;
			sourceTree = "<group>";
		};
		2B5A5B51298FBDA70081CF56 /* Extensions */ = {
			isa = PBXGroup;
			children = (
				2B5A5B52298FBE3E0081CF56 /* Extension+Date.swift */,
			);
			path = Extensions;
			sourceTree = "<group>";
		};
		2BB7F38729938C9800D5ABC7 /* TabBarController */ = {
			isa = PBXGroup;
			children = (
				2BB7F38829938CBE00D5ABC7 /* TabBarViewController.swift */,
			);
			path = TabBarController;
			sourceTree = "<group>";
		};
/* End PBXGroup section */

/* Begin PBXNativeTarget section */
		2B5016A82952068400547019 /* Photoable */ = {
			isa = PBXNativeTarget;
			buildConfigurationList = 2B5016BD2952068600547019 /* Build configuration list for PBXNativeTarget "Photoable" */;
			buildPhases = (
				2B5016A52952068400547019 /* Sources */,
				2B5016A62952068400547019 /* Frameworks */,
				2B5016A72952068400547019 /* Resources */,
			);
			buildRules = (
			);
			dependencies = (
			);
			name = Photoable;
			productName = Photoable;
			productReference = 2B5016A92952068400547019 /* Photoable.app */;
			productType = "com.apple.product-type.application";
		};
/* End PBXNativeTarget section */

/* Begin PBXProject section */
		2B5016A12952068400547019 /* Project object */ = {
			isa = PBXProject;
			attributes = {
				BuildIndependentTargetsInParallel = 1;
				LastSwiftUpdateCheck = 1420;
				LastUpgradeCheck = 1420;
				TargetAttributes = {
					2B5016A82952068400547019 = {
						CreatedOnToolsVersion = 14.2;
					};
				};
			};
			buildConfigurationList = 2B5016A42952068400547019 /* Build configuration list for PBXProject "Photoable" */;
			compatibilityVersion = "Xcode 14.0";
			developmentRegion = en;
			hasScannedForEncodings = 0;
			knownRegions = (
				en,
				Base,
			);
			mainGroup = 2B5016A02952068400547019;
			productRefGroup = 2B5016AA2952068400547019 /* Products */;
			projectDirPath = "";
			projectRoot = "";
			targets = (
				2B5016A82952068400547019 /* Photoable */,
			);
		};
/* End PBXProject section */

/* Begin PBXResourcesBuildPhase section */
		2B5016A72952068400547019 /* Resources */ = {
			isa = PBXResourcesBuildPhase;
			buildActionMask = 2147483647;
			files = (
				2B5016B92952068600547019 /* LaunchScreen.storyboard in Resources */,
				2B5016B62952068600547019 /* Assets.xcassets in Resources */,
			);
			runOnlyForDeploymentPostprocessing = 0;
		};
/* End PBXResourcesBuildPhase section */

/* Begin PBXSourcesBuildPhase section */
		2B5016A52952068400547019 /* Sources */ = {
			isa = PBXSourcesBuildPhase;
			buildActionMask = 2147483647;
			files = (
				2B4316612998F8D900199381 /* ImageCache.swift in Sources */,
				2B43166929994EE000199381 /* AlbumCollectionViewCell.swift in Sources */,
				2B5A5B55298FC4E50081CF56 /* PhotoCreateDateView.swift in Sources */,
				2B5A5B50298F96C60081CF56 /* SelectedPhotoViewController.swift in Sources */,
				2B5016B12952068400547019 /* PhotoViewController.swift in Sources */,
				2B5A5B53298FBE3E0081CF56 /* Extension+Date.swift in Sources */,
				2BB7F38929938CBE00D5ABC7 /* TabBarViewController.swift in Sources */,
				2B43166E2999570500199381 /* AlbumModel.swift in Sources */,
				2B5A5B4A298A43FA0081CF56 /* PhotosCollectionViewCell.swift in Sources */,
				2BB7F38B29938D8000D5ABC7 /* AlbumViewController.swift in Sources */,
				2B5016AD2952068400547019 /* AppDelegate.swift in Sources */,
				2B5A5B4E298A722C0081CF56 /* AlertModel.swift in Sources */,
				2B5016AF2952068400547019 /* SceneDelegate.swift in Sources */,
				2B4316672999189400199381 /* SelectedPhotosCollectionViewCell.swift in Sources */,
			);
			runOnlyForDeploymentPostprocessing = 0;
		};
/* End PBXSourcesBuildPhase section */

/* Begin PBXVariantGroup section */
		2B5016B72952068600547019 /* LaunchScreen.storyboard */ = {
			isa = PBXVariantGroup;
			children = (
				2B5016B82952068600547019 /* Base */,
			);
			name = LaunchScreen.storyboard;
			sourceTree = "<group>";
		};
/* End PBXVariantGroup section */

/* Begin XCBuildConfiguration section */
		2B5016BB2952068600547019 /* Debug */ = {
			isa = XCBuildConfiguration;
			buildSettings = {
				ALWAYS_SEARCH_USER_PATHS = NO;
				CLANG_ANALYZER_NONNULL = YES;
				CLANG_ANALYZER_NUMBER_OBJECT_CONVERSION = YES_AGGRESSIVE;
				CLANG_CXX_LANGUAGE_STANDARD = "gnu++20";
				CLANG_ENABLE_MODULES = YES;
				CLANG_ENABLE_OBJC_ARC = YES;
				CLANG_ENABLE_OBJC_WEAK = YES;
				CLANG_WARN_BLOCK_CAPTURE_AUTORELEASING = YES;
				CLANG_WARN_BOOL_CONVERSION = YES;
				CLANG_WARN_COMMA = YES;
				CLANG_WARN_CONSTANT_CONVERSION = YES;
				CLANG_WARN_DEPRECATED_OBJC_IMPLEMENTATIONS = YES;
				CLANG_WARN_DIRECT_OBJC_ISA_USAGE = YES_ERROR;
				CLANG_WARN_DOCUMENTATION_COMMENTS = YES;
				CLANG_WARN_EMPTY_BODY = YES;
				CLANG_WARN_ENUM_CONVERSION = YES;
				CLANG_WARN_INFINITE_RECURSION = YES;
				CLANG_WARN_INT_CONVERSION = YES;
				CLANG_WARN_NON_LITERAL_NULL_CONVERSION = YES;
				CLANG_WARN_OBJC_IMPLICIT_RETAIN_SELF = YES;
				CLANG_WARN_OBJC_LITERAL_CONVERSION = YES;
				CLANG_WARN_OBJC_ROOT_CLASS = YES_ERROR;
				CLANG_WARN_QUOTED_INCLUDE_IN_FRAMEWORK_HEADER = YES;
				CLANG_WARN_RANGE_LOOP_ANALYSIS = YES;
				CLANG_WARN_STRICT_PROTOTYPES = YES;
				CLANG_WARN_SUSPICIOUS_MOVE = YES;
				CLANG_WARN_UNGUARDED_AVAILABILITY = YES_AGGRESSIVE;
				CLANG_WARN_UNREACHABLE_CODE = YES;
				CLANG_WARN__DUPLICATE_METHOD_MATCH = YES;
				COPY_PHASE_STRIP = NO;
				DEBUG_INFORMATION_FORMAT = dwarf;
				ENABLE_STRICT_OBJC_MSGSEND = YES;
				ENABLE_TESTABILITY = YES;
				GCC_C_LANGUAGE_STANDARD = gnu11;
				GCC_DYNAMIC_NO_PIC = NO;
				GCC_NO_COMMON_BLOCKS = YES;
				GCC_OPTIMIZATION_LEVEL = 0;
				GCC_PREPROCESSOR_DEFINITIONS = (
					"DEBUG=1",
					"$(inherited)",
				);
				GCC_WARN_64_TO_32_BIT_CONVERSION = YES;
				GCC_WARN_ABOUT_RETURN_TYPE = YES_ERROR;
				GCC_WARN_UNDECLARED_SELECTOR = YES;
				GCC_WARN_UNINITIALIZED_AUTOS = YES_AGGRESSIVE;
				GCC_WARN_UNUSED_FUNCTION = YES;
				GCC_WARN_UNUSED_VARIABLE = YES;
				IPHONEOS_DEPLOYMENT_TARGET = 16.2;
				MTL_ENABLE_DEBUG_INFO = INCLUDE_SOURCE;
				MTL_FAST_MATH = YES;
				ONLY_ACTIVE_ARCH = YES;
				SDKROOT = iphoneos;
				SWIFT_ACTIVE_COMPILATION_CONDITIONS = DEBUG;
				SWIFT_OPTIMIZATION_LEVEL = "-Onone";
			};
			name = Debug;
		};
		2B5016BC2952068600547019 /* Release */ = {
			isa = XCBuildConfiguration;
			buildSettings = {
				ALWAYS_SEARCH_USER_PATHS = NO;
				CLANG_ANALYZER_NONNULL = YES;
				CLANG_ANALYZER_NUMBER_OBJECT_CONVERSION = YES_AGGRESSIVE;
				CLANG_CXX_LANGUAGE_STANDARD = "gnu++20";
				CLANG_ENABLE_MODULES = YES;
				CLANG_ENABLE_OBJC_ARC = YES;
				CLANG_ENABLE_OBJC_WEAK = YES;
				CLANG_WARN_BLOCK_CAPTURE_AUTORELEASING = YES;
				CLANG_WARN_BOOL_CONVERSION = YES;
				CLANG_WARN_COMMA = YES;
				CLANG_WARN_CONSTANT_CONVERSION = YES;
				CLANG_WARN_DEPRECATED_OBJC_IMPLEMENTATIONS = YES;
				CLANG_WARN_DIRECT_OBJC_ISA_USAGE = YES_ERROR;
				CLANG_WARN_DOCUMENTATION_COMMENTS = YES;
				CLANG_WARN_EMPTY_BODY = YES;
				CLANG_WARN_ENUM_CONVERSION = YES;
				CLANG_WARN_INFINITE_RECURSION = YES;
				CLANG_WARN_INT_CONVERSION = YES;
				CLANG_WARN_NON_LITERAL_NULL_CONVERSION = YES;
				CLANG_WARN_OBJC_IMPLICIT_RETAIN_SELF = YES;
				CLANG_WARN_OBJC_LITERAL_CONVERSION = YES;
				CLANG_WARN_OBJC_ROOT_CLASS = YES_ERROR;
				CLANG_WARN_QUOTED_INCLUDE_IN_FRAMEWORK_HEADER = YES;
				CLANG_WARN_RANGE_LOOP_ANALYSIS = YES;
				CLANG_WARN_STRICT_PROTOTYPES = YES;
				CLANG_WARN_SUSPICIOUS_MOVE = YES;
				CLANG_WARN_UNGUARDED_AVAILABILITY = YES_AGGRESSIVE;
				CLANG_WARN_UNREACHABLE_CODE = YES;
				CLANG_WARN__DUPLICATE_METHOD_MATCH = YES;
				COPY_PHASE_STRIP = NO;
				DEBUG_INFORMATION_FORMAT = "dwarf-with-dsym";
				ENABLE_NS_ASSERTIONS = NO;
				ENABLE_STRICT_OBJC_MSGSEND = YES;
				GCC_C_LANGUAGE_STANDARD = gnu11;
				GCC_NO_COMMON_BLOCKS = YES;
				GCC_WARN_64_TO_32_BIT_CONVERSION = YES;
				GCC_WARN_ABOUT_RETURN_TYPE = YES_ERROR;
				GCC_WARN_UNDECLARED_SELECTOR = YES;
				GCC_WARN_UNINITIALIZED_AUTOS = YES_AGGRESSIVE;
				GCC_WARN_UNUSED_FUNCTION = YES;
				GCC_WARN_UNUSED_VARIABLE = YES;
				IPHONEOS_DEPLOYMENT_TARGET = 16.2;
				MTL_ENABLE_DEBUG_INFO = NO;
				MTL_FAST_MATH = YES;
				SDKROOT = iphoneos;
				SWIFT_COMPILATION_MODE = wholemodule;
				SWIFT_OPTIMIZATION_LEVEL = "-O";
				VALIDATE_PRODUCT = YES;
			};
			name = Release;
		};
		2B5016BE2952068600547019 /* Debug */ = {
			isa = XCBuildConfiguration;
			buildSettings = {
				ASSETCATALOG_COMPILER_APPICON_NAME = AppIcon;
				ASSETCATALOG_COMPILER_GLOBAL_ACCENT_COLOR_NAME = AccentColor;
				CODE_SIGN_STYLE = Automatic;
				CURRENT_PROJECT_VERSION = 1;
				DEVELOPMENT_TEAM = 3U5BLMHQ3F;
				GENERATE_INFOPLIST_FILE = YES;
				INFOPLIST_FILE = Photoable/Info.plist;
				INFOPLIST_KEY_UIApplicationSupportsIndirectInputEvents = YES;
				INFOPLIST_KEY_UILaunchStoryboardName = LaunchScreen;
				INFOPLIST_KEY_UISupportedInterfaceOrientations_iPad = "UIInterfaceOrientationPortrait UIInterfaceOrientationPortraitUpsideDown UIInterfaceOrientationLandscapeLeft UIInterfaceOrientationLandscapeRight";
				INFOPLIST_KEY_UISupportedInterfaceOrientations_iPhone = "UIInterfaceOrientationPortrait UIInterfaceOrientationLandscapeLeft UIInterfaceOrientationLandscapeRight";
				LD_RUNPATH_SEARCH_PATHS = (
					"$(inherited)",
					"@executable_path/Frameworks",
				);
				MARKETING_VERSION = 1.0;
				PRODUCT_BUNDLE_IDENTIFIER = class.Photoable;
				PRODUCT_NAME = "$(TARGET_NAME)";
				SWIFT_EMIT_LOC_STRINGS = YES;
				SWIFT_VERSION = 5.0;
				TARGETED_DEVICE_FAMILY = "1,2";
			};
			name = Debug;
		};
		2B5016BF2952068600547019 /* Release */ = {
			isa = XCBuildConfiguration;
			buildSettings = {
				ASSETCATALOG_COMPILER_APPICON_NAME = AppIcon;
				ASSETCATALOG_COMPILER_GLOBAL_ACCENT_COLOR_NAME = AccentColor;
				CODE_SIGN_STYLE = Automatic;
				CURRENT_PROJECT_VERSION = 1;
				DEVELOPMENT_TEAM = 3U5BLMHQ3F;
				GENERATE_INFOPLIST_FILE = YES;
				INFOPLIST_FILE = Photoable/Info.plist;
				INFOPLIST_KEY_UIApplicationSupportsIndirectInputEvents = YES;
				INFOPLIST_KEY_UILaunchStoryboardName = LaunchScreen;
				INFOPLIST_KEY_UISupportedInterfaceOrientations_iPad = "UIInterfaceOrientationPortrait UIInterfaceOrientationPortraitUpsideDown UIInterfaceOrientationLandscapeLeft UIInterfaceOrientationLandscapeRight";
				INFOPLIST_KEY_UISupportedInterfaceOrientations_iPhone = "UIInterfaceOrientationPortrait UIInterfaceOrientationLandscapeLeft UIInterfaceOrientationLandscapeRight";
				LD_RUNPATH_SEARCH_PATHS = (
					"$(inherited)",
					"@executable_path/Frameworks",
				);
				MARKETING_VERSION = 1.0;
				PRODUCT_BUNDLE_IDENTIFIER = class.Photoable;
				PRODUCT_NAME = "$(TARGET_NAME)";
				SWIFT_EMIT_LOC_STRINGS = YES;
				SWIFT_VERSION = 5.0;
				TARGETED_DEVICE_FAMILY = "1,2";
			};
			name = Release;
		};
/* End XCBuildConfiguration section */

/* Begin XCConfigurationList section */
		2B5016A42952068400547019 /* Build configuration list for PBXProject "Photoable" */ = {
			isa = XCConfigurationList;
			buildConfigurations = (
				2B5016BB2952068600547019 /* Debug */,
				2B5016BC2952068600547019 /* Release */,
			);
			defaultConfigurationIsVisible = 0;
			defaultConfigurationName = Release;
		};
		2B5016BD2952068600547019 /* Build configuration list for PBXNativeTarget "Photoable" */ = {
			isa = XCConfigurationList;
			buildConfigurations = (
				2B5016BE2952068600547019 /* Debug */,
				2B5016BF2952068600547019 /* Release */,
			);
			defaultConfigurationIsVisible = 0;
			defaultConfigurationName = Release;
		};
/* End XCConfigurationList section */
	};
	rootObject = 2B5016A12952068400547019 /* Project object */;
}
